
Microsoft Visual Studio Solution File, Format Version 12.00
# Visual Studio Version 16
VisualStudioVersion = 16.0.29613.14
MinimumVisualStudioVersion = 10.0.40219.1
Project("{9A19103F-16F7-4668-BE54-9A1E7A4F7556}") = "FupLib", "FupLib\FupLib.csproj", "{C29424FA-508D-47F4-90AD-186B47F9E505}"
EndProject
Project("{FAE04EC0-301F-11D3-BF4B-00C04F79EFBC}") = "TestTotal", "TestTotal\TestTotal.csproj", "{69FD6C3D-CAB0-480D-A12E-FCAD91EAD25F}"
EndProject
Global
	GlobalSection(SolutionConfigurationPlatforms) = preSolution
		Debug|Any CPU = Debug|Any CPU
		Release|Any CPU = Release|Any CPU
	EndGlobalSection
	GlobalSection(ProjectConfigurationPlatforms) = postSolution
		{C29424FA-508D-47F4-90AD-186B47F9E505}.Debug|Any CPU.ActiveCfg = Debug|Any CPU
		{C29424FA-508D-47F4-90AD-186B47F9E505}.Debug|Any CPU.Build.0 = Debug|Any CPU
		{C29424FA-508D-47F4-90AD-186B47F9E505}.Release|Any CPU.ActiveCfg = Release|Any CPU
		{C29424FA-508D-47F4-90AD-186B47F9E505}.Release|Any CPU.Build.0 = Release|Any CPU
		{69FD6C3D-CAB0-480D-A12E-FCAD91EAD25F}.Debug|Any CPU.ActiveCfg = Debug|Any CPU
		{69FD6C3D-CAB0-480D-A12E-FCAD91EAD25F}.Debug|Any CPU.Build.0 = Debug|Any CPU
		{69FD6C3D-CAB0-480D-A12E-FCAD91EAD25F}.Release|Any CPU.ActiveCfg = Release|Any CPU
		{69FD6C3D-CAB0-480D-A12E-FCAD91EAD25F}.Release|Any CPU.Build.0 = Release|Any CPU
	EndGlobalSection
	GlobalSection(SolutionProperties) = preSolution
		HideSolutionNode = FALSE
	EndGlobalSection
	GlobalSection(ExtensibilityGlobals) = postSolution
		SolutionGuid = {3DDEABE9-AD54-44EA-B694-7DD116973525}
	EndGlobalSection
EndGlobal
